
Microsoft Visual Studio Solution File, Format Version 12.00
# Visual Studio Version 16
VisualStudioVersion = 16.0.30621.155
MinimumVisualStudioVersion = 10.0.40219.1
Project("{2150E333-8FDC-42A3-9474-1A3956D46DE8}") = "0 - Apresentação", "0 - Apresentação", "{7F91FFA1-38A8-42C1-A2E3-43D12C74BC15}"
EndProject
Project("{2150E333-8FDC-42A3-9474-1A3956D46DE8}") = "1 - Aplicação", "1 - Aplicação", "{A9372B62-4A3E-4BDD-8686-6BEF7950204E}"
EndProject
Project("{2150E333-8FDC-42A3-9474-1A3956D46DE8}") = "2 - Dominio", "2 - Dominio", "{796DE1F0-65DA-475E-B880-A101BFEBBA9C}"
EndProject
Project("{2150E333-8FDC-42A3-9474-1A3956D46DE8}") = "3 - Serviço", "3 - Serviço", "{B69582E3-464A-4CF7-9FF9-D58F7BF82A08}"
EndProject
Project("{2150E333-8FDC-42A3-9474-1A3956D46DE8}") = "4 - Infraestrutura", "4 - Infraestrutura", "{CB7ECAAE-8A1B-409A-A6B2-DB017F858740}"
EndProject
Project("{9A19103F-16F7-4668-BE54-9A1E7A4F7556}") = "Dominio_FroFood", "Dominio_FroFood\Dominio_FroFood.csproj", "{127B9596-1A9D-4B6E-AC23-ED2ED9D2AD45}"
EndProject
Project("{2150E333-8FDC-42A3-9474-1A3956D46DE8}") = "1.1 - API_FroFoodClientes", "1.1 - API_FroFoodClientes", "{ED792377-3B94-4E0D-8FF9-E847A73FCAB9}"
EndProject
Project("{9A19103F-16F7-4668-BE54-9A1E7A4F7556}") = "FroFoodCliente", "FroFoodCliente\FroFoodCliente.csproj", "{B88E1903-7AB2-4228-8752-C4BD5897165E}"
EndProject
Project("{2150E333-8FDC-42A3-9474-1A3956D46DE8}") = "1.2 - API_FroFoodRestaurantes", "1.2 - API_FroFoodRestaurantes", "{EE89CC4F-FA20-4020-841D-B6CD5944C57E}"
EndProject
Project("{9A19103F-16F7-4668-BE54-9A1E7A4F7556}") = "FroFoodRestaurante", "FroFoodRestaurante\FroFoodRestaurante.csproj", "{3A3CC1E1-BF82-48D6-9058-C2C6B8B46F1D}"
EndProject
Project("{2150E333-8FDC-42A3-9474-1A3956D46DE8}") = "0.1 - FroFoodClienteMVC", "0.1 - FroFoodClienteMVC", "{B852E803-011A-4BA7-BA3A-B838EFC9AE44}"
EndProject
Project("{9A19103F-16F7-4668-BE54-9A1E7A4F7556}") = "FroFoodClienteMVC", "FroFoodClienteMVC\FroFoodClienteMVC.csproj", "{0090FFD0-FADC-4C66-9AC3-4AC97BBED8ED}"
EndProject
Project("{2150E333-8FDC-42A3-9474-1A3956D46DE8}") = "4.1 - BancoDeDados", "4.1 - BancoDeDados", "{768C194B-BFBE-4026-B495-C3CABAC0DDF8}"
EndProject
Project("{9A19103F-16F7-4668-BE54-9A1E7A4F7556}") = "FroFoodDados", "FroFoodDados\FroFoodDados.csproj", "{F9150617-3F22-440B-9D07-37FEA6B2DACE}"
EndProject
Global
	GlobalSection(SolutionConfigurationPlatforms) = preSolution
		Debug|Any CPU = Debug|Any CPU
		Release|Any CPU = Release|Any CPU
	EndGlobalSection
	GlobalSection(ProjectConfigurationPlatforms) = postSolution
		{127B9596-1A9D-4B6E-AC23-ED2ED9D2AD45}.Debug|Any CPU.ActiveCfg = Debug|Any CPU
		{127B9596-1A9D-4B6E-AC23-ED2ED9D2AD45}.Debug|Any CPU.Build.0 = Debug|Any CPU
		{127B9596-1A9D-4B6E-AC23-ED2ED9D2AD45}.Release|Any CPU.ActiveCfg = Release|Any CPU
		{127B9596-1A9D-4B6E-AC23-ED2ED9D2AD45}.Release|Any CPU.Build.0 = Release|Any CPU
		{B88E1903-7AB2-4228-8752-C4BD5897165E}.Debug|Any CPU.ActiveCfg = Debug|Any CPU
		{B88E1903-7AB2-4228-8752-C4BD5897165E}.Debug|Any CPU.Build.0 = Debug|Any CPU
		{B88E1903-7AB2-4228-8752-C4BD5897165E}.Release|Any CPU.ActiveCfg = Release|Any CPU
		{B88E1903-7AB2-4228-8752-C4BD5897165E}.Release|Any CPU.Build.0 = Release|Any CPU
		{3A3CC1E1-BF82-48D6-9058-C2C6B8B46F1D}.Debug|Any CPU.ActiveCfg = Debug|Any CPU
		{3A3CC1E1-BF82-48D6-9058-C2C6B8B46F1D}.Debug|Any CPU.Build.0 = Debug|Any CPU
		{3A3CC1E1-BF82-48D6-9058-C2C6B8B46F1D}.Release|Any CPU.ActiveCfg = Release|Any CPU
		{3A3CC1E1-BF82-48D6-9058-C2C6B8B46F1D}.Release|Any CPU.Build.0 = Release|Any CPU
		{0090FFD0-FADC-4C66-9AC3-4AC97BBED8ED}.Debug|Any CPU.ActiveCfg = Debug|Any CPU
		{0090FFD0-FADC-4C66-9AC3-4AC97BBED8ED}.Debug|Any CPU.Build.0 = Debug|Any CPU
		{0090FFD0-FADC-4C66-9AC3-4AC97BBED8ED}.Release|Any CPU.ActiveCfg = Release|Any CPU
		{0090FFD0-FADC-4C66-9AC3-4AC97BBED8ED}.Release|Any CPU.Build.0 = Release|Any CPU
		{F9150617-3F22-440B-9D07-37FEA6B2DACE}.Debug|Any CPU.ActiveCfg = Debug|Any CPU
		{F9150617-3F22-440B-9D07-37FEA6B2DACE}.Debug|Any CPU.Build.0 = Debug|Any CPU
		{F9150617-3F22-440B-9D07-37FEA6B2DACE}.Release|Any CPU.ActiveCfg = Release|Any CPU
		{F9150617-3F22-440B-9D07-37FEA6B2DACE}.Release|Any CPU.Build.0 = Release|Any CPU
	EndGlobalSection
	GlobalSection(SolutionProperties) = preSolution
		HideSolutionNode = FALSE
	EndGlobalSection
	GlobalSection(NestedProjects) = preSolution
		{127B9596-1A9D-4B6E-AC23-ED2ED9D2AD45} = {796DE1F0-65DA-475E-B880-A101BFEBBA9C}
		{ED792377-3B94-4E0D-8FF9-E847A73FCAB9} = {A9372B62-4A3E-4BDD-8686-6BEF7950204E}
		{B88E1903-7AB2-4228-8752-C4BD5897165E} = {ED792377-3B94-4E0D-8FF9-E847A73FCAB9}
		{EE89CC4F-FA20-4020-841D-B6CD5944C57E} = {A9372B62-4A3E-4BDD-8686-6BEF7950204E}
		{3A3CC1E1-BF82-48D6-9058-C2C6B8B46F1D} = {EE89CC4F-FA20-4020-841D-B6CD5944C57E}
		{B852E803-011A-4BA7-BA3A-B838EFC9AE44} = {7F91FFA1-38A8-42C1-A2E3-43D12C74BC15}
		{0090FFD0-FADC-4C66-9AC3-4AC97BBED8ED} = {B852E803-011A-4BA7-BA3A-B838EFC9AE44}
		{768C194B-BFBE-4026-B495-C3CABAC0DDF8} = {CB7ECAAE-8A1B-409A-A6B2-DB017F858740}
		{F9150617-3F22-440B-9D07-37FEA6B2DACE} = {768C194B-BFBE-4026-B495-C3CABAC0DDF8}
	EndGlobalSection
	GlobalSection(ExtensibilityGlobals) = postSolution
		SolutionGuid = {D0DCF0C5-F68D-4FF0-93BE-628ADEF6F5FE}
	EndGlobalSection
EndGlobal
